
Microsoft Visual Studio Solution File, Format Version 12.00
# Visual Studio Version 17
VisualStudioVersion = 17.2.32505.173
MinimumVisualStudioVersion = 10.0.40219.1
Project("{9A19103F-16F7-4668-BE54-9A1E7A4F7556}") = "CSharpUpdates", "CSharpUpdates\CSharpUpdates.csproj", "{34D4D597-8BFF-42BE-AA83-C3B40CEA8CCD}"
EndProject
Project("{2150E333-8FDC-42A3-9474-1A3956D46DE8}") = "Solution Items", "Solution Items", "{2CC1D12C-B124-49AA-8773-9439F4F9D9D7}"
	ProjectSection(SolutionItems) = preProject
		.editorconfig = .editorconfig
		SolutionUsings.cs = SolutionUsings.cs
	EndProjectSection
EndProject
Global
	GlobalSection(SolutionConfigurationPlatforms) = preSolution
		Debug|Any CPU = Debug|Any CPU
		Release|Any CPU = Release|Any CPU
	EndGlobalSection
	GlobalSection(ProjectConfigurationPlatforms) = postSolution
		{34D4D597-8BFF-42BE-AA83-C3B40CEA8CCD}.Debug|Any CPU.ActiveCfg = Debug|Any CPU
		{34D4D597-8BFF-42BE-AA83-C3B40CEA8CCD}.Debug|Any CPU.Build.0 = Debug|Any CPU
		{34D4D597-8BFF-42BE-AA83-C3B40CEA8CCD}.Release|Any CPU.ActiveCfg = Release|Any CPU
		{34D4D597-8BFF-42BE-AA83-C3B40CEA8CCD}.Release|Any CPU.Build.0 = Release|Any CPU
	EndGlobalSection
	GlobalSection(SolutionProperties) = preSolution
		HideSolutionNode = FALSE
	EndGlobalSection
	GlobalSection(ExtensibilityGlobals) = postSolution
		SolutionGuid = {E96CF460-8275-476D-AADB-3AEC0F3F9224}
	EndGlobalSection
EndGlobal
